
Microsoft Visual Studio Solution File, Format Version 12.00
# Visual Studio Version 17
VisualStudioVersion = 17.5.33424.131
MinimumVisualStudioVersion = 10.0.40219.1
Project("{8BC9CEB8-8B4A-11D0-8D11-00A0C91BC942}") = "ITstepCppFilesStart", "ITstepCppFilesStart.vcxproj", "{0650AD51-567C-4A5D-B93A-A99DAA529D22}"
EndProject
Global
	GlobalSection(SolutionConfigurationPlatforms) = preSolution
		Debug|x64 = Debug|x64
		Debug|x86 = Debug|x86
		Release|x64 = Release|x64
		Release|x86 = Release|x86
	EndGlobalSection
	GlobalSection(ProjectConfigurationPlatforms) = postSolution
		{0650AD51-567C-4A5D-B93A-A99DAA529D22}.Debug|x64.ActiveCfg = Debug|x64
		{0650AD51-567C-4A5D-B93A-A99DAA529D22}.Debug|x64.Build.0 = Debug|x64
		{0650AD51-567C-4A5D-B93A-A99DAA529D22}.Debug|x86.ActiveCfg = Debug|Win32
		{0650AD51-567C-4A5D-B93A-A99DAA529D22}.Debug|x86.Build.0 = Debug|Win32
		{0650AD51-567C-4A5D-B93A-A99DAA529D22}.Release|x64.ActiveCfg = Release|x64
		{0650AD51-567C-4A5D-B93A-A99DAA529D22}.Release|x64.Build.0 = Release|x64
		{0650AD51-567C-4A5D-B93A-A99DAA529D22}.Release|x86.ActiveCfg = Release|Win32
		{0650AD51-567C-4A5D-B93A-A99DAA529D22}.Release|x86.Build.0 = Release|Win32
	EndGlobalSection
	GlobalSection(SolutionProperties) = preSolution
		HideSolutionNode = FALSE
	EndGlobalSection
	GlobalSection(ExtensibilityGlobals) = postSolution
		SolutionGuid = {BAF9DF56-1948-49B4-8F50-0A4AE5FD7878}
	EndGlobalSection
EndGlobal
